{
  "name": "cs370",
  "lockfileVersion": 2,
  "requires": true,
  "packages": {
    "": {
      "dependencies": {
        "sortablejs": "^1.13.0"
      },
      "devDependencies": {
        "jquery-sortablejs": "^1.0.1"
      }
    },
    "node_modules/jquery": {
      "version": "3.6.0",
      "resolved": "https://registry.npmjs.org/jquery/-/jquery-3.6.0.tgz",
      "integrity": "sha512-JVzAR/AjBvVt2BmYhxRCSYysDsPcssdmTFnzyLEts9qNwmjmu4JTAMYubEfwVOSwpQ1I1sKKFcxhZCI2buerfw==",
      "dev": true,
      "peer": true
    },
    "node_modules/jquery-sortablejs": {
      "version": "1.0.1",
      "resolved": "https://registry.npmjs.org/jquery-sortablejs/-/jquery-sortablejs-1.0.1.tgz",
      "integrity": "sha512-tKSyPMC+VfepxfFngVDmOJeYEGakzGHYh+/FgqzqHYJa29cN8i6LN0xlCI8Oc0ShTBWqra+zOgQmlydAVaeWkg==",
      "dev": true,
      "peerDependencies": {
        "jquery": "*",
        "sortablejs": "*"
      }
    },
    "node_modules/sortablejs": {
      "version": "1.13.0",
      "resolved": "https://registry.npmjs.org/sortablejs/-/sortablejs-1.13.0.tgz",
      "integrity": "sha512-RBJirPY0spWCrU5yCmWM1eFs/XgX2J5c6b275/YyxFRgnzPhKl/TDeU2hNR8Dt7ITq66NRPM4UlOt+e5O4CFHg=="
    }
  },
  "dependencies": {
    "jquery": {
      "version": "3.6.0",
      "resolved": "https://registry.npmjs.org/jquery/-/jquery-3.6.0.tgz",
      "integrity": "sha512-JVzAR/AjBvVt2BmYhxRCSYysDsPcssdmTFnzyLEts9qNwmjmu4JTAMYubEfwVOSwpQ1I1sKKFcxhZCI2buerfw==",
      "dev": true,
      "peer": true
    },
    "jquery-sortablejs": {
      "version": "1.0.1",
      "resolved": "https://registry.npmjs.org/jquery-sortablejs/-/jquery-sortablejs-1.0.1.tgz",
      "integrity": "sha512-tKSyPMC+VfepxfFngVDmOJeYEGakzGHYh+/FgqzqHYJa29cN8i6LN0xlCI8Oc0ShTBWqra+zOgQmlydAVaeWkg==",
      "dev": true,
      "requires": {}
    },
    "sortablejs": {
      "version": "1.13.0",
      "resolved": "https://registry.npmjs.org/sortablejs/-/sortablejs-1.13.0.tgz",
      "integrity": "sha512-RBJirPY0spWCrU5yCmWM1eFs/XgX2J5c6b275/YyxFRgnzPhKl/TDeU2hNR8Dt7ITq66NRPM4UlOt+e5O4CFHg=="
    }
  }
}
